# This file is generated by running "yarn install" inside your project.
# Manual changes might be lost - proceed with caution!

__metadata:
  version: 8
  cacheKey: 10

"@nodelib/fs.scandir@npm:2.1.5":
  version: 2.1.5
  resolution: "@nodelib/fs.scandir@npm:2.1.5"
  dependencies:
    "@nodelib/fs.stat": "npm:2.0.5"
    run-parallel: "npm:^1.1.9"
  checksum: 6ab2a9b8a1d67b067922c36f259e3b3dfd6b97b219c540877a4944549a4d49ea5ceba5663905ab5289682f1f3c15ff441d02f0447f620a42e1cb5e1937174d4b
  languageName: node
  linkType: hard

"@nodelib/fs.stat@npm:2.0.5, @nodelib/fs.stat@npm:^2.0.2":
  version: 2.0.5
  resolution: "@nodelib/fs.stat@npm:2.0.5"
  checksum: 012480b5ca9d97bff9261571dbbec7bbc6033f69cc92908bc1ecfad0792361a5a1994bc48674b9ef76419d056a03efadfce5a6cf6dbc0a36559571a7a483f6f0
  languageName: node
  linkType: hard

"@nodelib/fs.walk@npm:^1.2.3":
  version: 1.2.8
  resolution: "@nodelib/fs.walk@npm:1.2.8"
  dependencies:
    "@nodelib/fs.scandir": "npm:2.1.5"
    fastq: "npm:^1.6.0"
  checksum: 40033e33e96e97d77fba5a238e4bba4487b8284678906a9f616b5579ddaf868a18874c0054a75402c9fbaaa033a25ceae093af58c9c30278e35c23c9479e79b0
  languageName: node
  linkType: hard

"@tgsnake/core@npm:1.10.9":
  version: 1.10.9
  resolution: "@tgsnake/core@npm:1.10.9"
  dependencies:
    "@tgsnake/log": "npm:latest"
    async-mutex: "npm:0.4.1"
    big-integer: "npm:1.6.52"
    socks: "npm:2.8.1"
  checksum: cd0c5b097daedaf7a1e3b53926244078ec965c50802b4d622c1245a72fb5da484bea93b3798232ac6be44a70044abc8d88cc9a5a077b8a779f18c2a6daabc1a7
  languageName: node
  linkType: hard

"@tgsnake/fileid@npm:2.1.0":
  version: 2.1.0
  resolution: "@tgsnake/fileid@npm:2.1.0"
  checksum: 72bef559c3436afa860b37458051a216ec8f19cc0b8f3804ddbe5f0372a245189c370a9234b68601884889f84d5499cdf29190ef4d571bf6d74119836c69458e
  languageName: node
  linkType: hard

"@tgsnake/log@npm:latest":
  version: 1.6.2
  resolution: "@tgsnake/log@npm:1.6.2"
  dependencies:
    chalk: "npm:4.1.2"
  checksum: 505e0b46cd2f1c810863a2a5e579105407d083a964635616775cae072ea13ede187609f412542767e1ba9a667852ac415cfb913179a7a6a12e4bd8f1d866d95e
  languageName: node
  linkType: hard

"@tgsnake/parser@npm:2.0.3":
  version: 2.0.3
  resolution: "@tgsnake/parser@npm:2.0.3"
  dependencies:
    htmlparser2: "npm:^9.0.0"
  checksum: d17a6ba7af66b8dfc94ac726f10622212643b0fa0000ca35d7fa5d968b4ab3a61383f4a0a1ae323af27e62753c3daa2cf5824697d883b6f18f64402317c52be8
  languageName: node
  linkType: hard

"@ts-morph/common@npm:~0.22.0":
  version: 0.22.0
  resolution: "@ts-morph/common@npm:0.22.0"
  dependencies:
    fast-glob: "npm:^3.3.2"
    minimatch: "npm:^9.0.3"
    mkdirp: "npm:^3.0.1"
    path-browserify: "npm:^1.0.1"
  checksum: 536ca9944065156e26bb7fecca13adcbd5d65494e8ffa72096d02da9ec6afc8cd97bb582b12c15d0ac34f26cdab25dbc87e4f9e21f21f1019d30e670c8392d9f
  languageName: node
  linkType: hard

"@types/node@npm:20.11.25":
  version: 20.11.25
  resolution: "@types/node@npm:20.11.25"
  dependencies:
    undici-types: "npm:~5.26.4"
  checksum: 861265f1bbb151404bd8842b595f027a4ff067c61ecff9a37b9f7f53922c18dd532c8e795e8e7675dd8dba056645623fd2b9848d5ef72863ec3609096cd2923e
  languageName: node
  linkType: hard

"ansi-styles@npm:^4.1.0":
  version: 4.3.0
  resolution: "ansi-styles@npm:4.3.0"
  dependencies:
    color-convert: "npm:^2.0.1"
  checksum: b4494dfbfc7e4591b4711a396bd27e540f8153914123dccb4cdbbcb514015ada63a3809f362b9d8d4f6b17a706f1d7bea3c6f974b15fa5ae76b5b502070889ff
  languageName: node
  linkType: hard

"async-mutex@npm:0.4.1":
  version: 0.4.1
  resolution: "async-mutex@npm:0.4.1"
  dependencies:
    tslib: "npm:^2.4.0"
  checksum: 7e9f77b112b8545beb6612493fae4a8d9d1d6c3f24fc22f4d6d05ce96d1e8d326ac3e743a804cc6d7bf24e7ef0267afb65bb127f99b2e433609684b38933ff1c
  languageName: node
  linkType: hard

"balanced-match@npm:^1.0.0":
  version: 1.0.2
  resolution: "balanced-match@npm:1.0.2"
  checksum: 9706c088a283058a8a99e0bf91b0a2f75497f185980d9ffa8b304de1d9e58ebda7c72c07ebf01dadedaac5b2907b2c6f566f660d62bd336c3468e960403b9d65
  languageName: node
  linkType: hard

"big-integer@npm:1.6.52":
  version: 1.6.52
  resolution: "big-integer@npm:1.6.52"
  checksum: 4bc6ae152a96edc9f95020f5fc66b13d26a9ad9a021225a9f0213f7e3dc44269f423aa8c42e19d6ac4a63bb2b22140b95d10be8f9ca7a6d9aa1b22b330d1f514
  languageName: node
  linkType: hard

"brace-expansion@npm:^2.0.1":
  version: 2.0.1
  resolution: "brace-expansion@npm:2.0.1"
  dependencies:
    balanced-match: "npm:^1.0.0"
  checksum: a61e7cd2e8a8505e9f0036b3b6108ba5e926b4b55089eeb5550cd04a471fe216c96d4fe7e4c7f995c728c554ae20ddfc4244cad10aef255e72b62930afd233d1
  languageName: node
  linkType: hard

"braces@npm:^3.0.2":
  version: 3.0.2
  resolution: "braces@npm:3.0.2"
  dependencies:
    fill-range: "npm:^7.0.1"
  checksum: 966b1fb48d193b9d155f810e5efd1790962f2c4e0829f8440b8ad236ba009222c501f70185ef732fef17a4c490bb33a03b90dab0631feafbdf447da91e8165b1
  languageName: node
  linkType: hard

"chalk@npm:4.1.2":
  version: 4.1.2
  resolution: "chalk@npm:4.1.2"
  dependencies:
    ansi-styles: "npm:^4.1.0"
    supports-color: "npm:^7.1.0"
  checksum: cb3f3e594913d63b1814d7ca7c9bafbf895f75fbf93b92991980610dfd7b48500af4e3a5d4e3a8f337990a96b168d7eb84ee55efdce965e2ee8efc20f8c8f139
  languageName: node
  linkType: hard

"code-block-writer@npm:^12.0.0":
  version: 12.0.0
  resolution: "code-block-writer@npm:12.0.0"
  checksum: 7dc531e652b4654f6e0487923df74cda7294da01c6ac225f523256c6ae5f7f4eb5c4dc7902a9e64b81dba4b22e7d843454ed71a59954d31aa8656184c6c0c8ff
  languageName: node
  linkType: hard

"color-convert@npm:^2.0.1":
  version: 2.0.1
  resolution: "color-convert@npm:2.0.1"
  dependencies:
    color-name: "npm:~1.1.4"
  checksum: fa00c91b4332b294de06b443923246bccebe9fab1b253f7fe1772d37b06a2269b4039a85e309abe1fe11b267b11c08d1d0473fda3badd6167f57313af2887a64
  languageName: node
  linkType: hard

"color-name@npm:~1.1.4":
  version: 1.1.4
  resolution: "color-name@npm:1.1.4"
  checksum: b0445859521eb4021cd0fb0cc1a75cecf67fceecae89b63f62b201cca8d345baf8b952c966862a9d9a2632987d4f6581f0ec8d957dfacece86f0a7919316f610
  languageName: node
  linkType: hard

"deno2node@npm:1.11.0":
  version: 1.11.0
  resolution: "deno2node@npm:1.11.0"
  dependencies:
    ts-morph: "npm:^21.0.1"
  bin:
    deno2node: lib/cli.js
  checksum: d05b7ffd07a9ebdfdd054e0cdb73d8324a2f69f83d606895c0902f6fe7fb8801809b8183f7e7e1fb4f43de1b0dc34926caf4ff26502c1608b8cf7e7e44b78393
  languageName: node
  linkType: hard

"dom-serializer@npm:^2.0.0":
  version: 2.0.0
  resolution: "dom-serializer@npm:2.0.0"
  dependencies:
    domelementtype: "npm:^2.3.0"
    domhandler: "npm:^5.0.2"
    entities: "npm:^4.2.0"
  checksum: e3bf9027a64450bca0a72297ecdc1e3abb7a2912268a9f3f5d33a2e29c1e2c3502c6e9f860fc6625940bfe0cfb57a44953262b9e94df76872fdfb8151097eeb3
  languageName: node
  linkType: hard

"domelementtype@npm:^2.3.0":
  version: 2.3.0
  resolution: "domelementtype@npm:2.3.0"
  checksum: ee837a318ff702622f383409d1f5b25dd1024b692ef64d3096ff702e26339f8e345820f29a68bcdcea8cfee3531776b3382651232fbeae95612d6f0a75efb4f6
  languageName: node
  linkType: hard

"domhandler@npm:^5.0.2, domhandler@npm:^5.0.3":
  version: 5.0.3
  resolution: "domhandler@npm:5.0.3"
  dependencies:
    domelementtype: "npm:^2.3.0"
  checksum: 809b805a50a9c6884a29f38aec0a4e1b4537f40e1c861950ed47d10b049febe6b79ab72adaeeebb3cc8fc1cd33f34e97048a72a9265103426d93efafa78d3e96
  languageName: node
  linkType: hard

"domutils@npm:^3.1.0":
  version: 3.1.0
  resolution: "domutils@npm:3.1.0"
  dependencies:
    dom-serializer: "npm:^2.0.0"
    domelementtype: "npm:^2.3.0"
    domhandler: "npm:^5.0.3"
  checksum: 9a169a6e57ac4c738269a73ab4caf785114ed70e46254139c1bbc8144ac3102aacb28a6149508395ae34aa5d6a40081f4fa5313855dc8319c6d8359866b6dfea
  languageName: node
  linkType: hard

"entities@npm:^4.2.0":
  version: 4.4.0
  resolution: "entities@npm:4.4.0"
  checksum: b627cb900e901cc7817037b83bf993a1cbf6a64850540f7526af7bcf9c7d09ebc671198e6182cfae4680f733799e2852e6a1c46aa62ff36eb99680057a038df5
  languageName: node
  linkType: hard

"entities@npm:^4.5.0":
  version: 4.5.0
  resolution: "entities@npm:4.5.0"
  checksum: ede2a35c9bce1aeccd055a1b445d41c75a14a2bb1cd22e242f20cf04d236cdcd7f9c859eb83f76885327bfae0c25bf03303665ee1ce3d47c5927b98b0e3e3d48
  languageName: node
  linkType: hard

"fast-glob@npm:^3.3.2":
  version: 3.3.2
  resolution: "fast-glob@npm:3.3.2"
  dependencies:
    "@nodelib/fs.stat": "npm:^2.0.2"
    "@nodelib/fs.walk": "npm:^1.2.3"
    glob-parent: "npm:^5.1.2"
    merge2: "npm:^1.3.0"
    micromatch: "npm:^4.0.4"
  checksum: 222512e9315a0efca1276af9adb2127f02105d7288fa746145bf45e2716383fb79eb983c89601a72a399a56b7c18d38ce70457c5466218c5f13fad957cee16df
  languageName: node
  linkType: hard

"fastq@npm:^1.6.0":
  version: 1.15.0
  resolution: "fastq@npm:1.15.0"
  dependencies:
    reusify: "npm:^1.0.4"
  checksum: 67c01b1c972e2d5b6fea197a1a39d5d582982aea69ff4c504badac71080d8396d4843b165a9686e907c233048f15a86bbccb0e7f83ba771f6fa24bcde059d0c3
  languageName: node
  linkType: hard

"fill-range@npm:^7.0.1":
  version: 7.0.1
  resolution: "fill-range@npm:7.0.1"
  dependencies:
    to-regex-range: "npm:^5.0.1"
  checksum: e260f7592fd196b4421504d3597cc76f4a1ca7a9488260d533b611fc3cefd61e9a9be1417cb82d3b01ad9f9c0ff2dbf258e1026d2445e26b0cf5148ff4250429
  languageName: node
  linkType: hard

"glob-parent@npm:^5.1.2":
  version: 5.1.2
  resolution: "glob-parent@npm:5.1.2"
  dependencies:
    is-glob: "npm:^4.0.1"
  checksum: 32cd106ce8c0d83731966d31517adb766d02c3812de49c30cfe0675c7c0ae6630c11214c54a5ae67aca882cf738d27fd7768f21aa19118b9245950554be07247
  languageName: node
  linkType: hard

"has-flag@npm:^4.0.0":
  version: 4.0.0
  resolution: "has-flag@npm:4.0.0"
  checksum: 261a1357037ead75e338156b1f9452c016a37dcd3283a972a30d9e4a87441ba372c8b81f818cd0fbcd9c0354b4ae7e18b9e1afa1971164aef6d18c2b6095a8ad
  languageName: node
  linkType: hard

"htmlparser2@npm:^9.0.0":
  version: 9.0.0
  resolution: "htmlparser2@npm:9.0.0"
  dependencies:
    domelementtype: "npm:^2.3.0"
    domhandler: "npm:^5.0.3"
    domutils: "npm:^3.1.0"
    entities: "npm:^4.5.0"
  checksum: 6b0132fee4da2f6565dfb9166917992bf67bd7827a00a4baa35e2eea8db488b3a1dfea2a597cf3a743521d5276ecd39fb297ce0e8698af6d14c8f02a5fe08e90
  languageName: node
  linkType: hard

"ip-address@npm:^9.0.5":
  version: 9.0.5
  resolution: "ip-address@npm:9.0.5"
  dependencies:
    jsbn: "npm:1.1.0"
    sprintf-js: "npm:^1.1.3"
  checksum: 1ed81e06721af012306329b31f532b5e24e00cb537be18ddc905a84f19fe8f83a09a1699862bf3a1ec4b9dea93c55a3fa5faf8b5ea380431469df540f38b092c
  languageName: node
  linkType: hard

"is-extglob@npm:^2.1.1":
  version: 2.1.1
  resolution: "is-extglob@npm:2.1.1"
  checksum: df033653d06d0eb567461e58a7a8c9f940bd8c22274b94bf7671ab36df5719791aae15eef6d83bbb5e23283967f2f984b8914559d4449efda578c775c4be6f85
  languageName: node
  linkType: hard

"is-glob@npm:^4.0.1":
  version: 4.0.3
  resolution: "is-glob@npm:4.0.3"
  dependencies:
    is-extglob: "npm:^2.1.1"
  checksum: 3ed74f2b0cdf4f401f38edb0442ddfde3092d79d7d35c9919c86641efdbcbb32e45aa3c0f70ce5eecc946896cd5a0f26e4188b9f2b881876f7cb6c505b82da11
  languageName: node
  linkType: hard

"is-number@npm:^7.0.0":
  version: 7.0.0
  resolution: "is-number@npm:7.0.0"
  checksum: 6a6c3383f68afa1e05b286af866017c78f1226d43ac8cb064e115ff9ed85eb33f5c4f7216c96a71e4dfea289ef52c5da3aef5bbfade8ffe47a0465d70c0c8e86
  languageName: node
  linkType: hard

"jsbn@npm:1.1.0":
  version: 1.1.0
  resolution: "jsbn@npm:1.1.0"
  checksum: bebe7ae829bbd586ce8cbe83501dd8cb8c282c8902a8aeeed0a073a89dc37e8103b1244f3c6acd60278bcbfe12d93a3f83c9ac396868a3b3bbc3c5e5e3b648ef
  languageName: node
  linkType: hard

"kleur@npm:^3.0.3":
  version: 3.0.3
  resolution: "kleur@npm:3.0.3"
  checksum: 0c0ecaf00a5c6173d25059c7db2113850b5457016dfa1d0e3ef26da4704fbb186b4938d7611246d86f0ddf1bccf26828daa5877b1f232a65e7373d0122a83e7f
  languageName: node
  linkType: hard

"merge2@npm:^1.3.0":
  version: 1.4.1
  resolution: "merge2@npm:1.4.1"
  checksum: 7268db63ed5169466540b6fb947aec313200bcf6d40c5ab722c22e242f651994619bcd85601602972d3c85bd2cc45a358a4c61937e9f11a061919a1da569b0c2
  languageName: node
  linkType: hard

"micromatch@npm:^4.0.4":
  version: 4.0.5
  resolution: "micromatch@npm:4.0.5"
  dependencies:
    braces: "npm:^3.0.2"
    picomatch: "npm:^2.3.1"
  checksum: a749888789fc15cac0e03273844dbd749f9f8e8d64e70c564bcf06a033129554c789bb9e30d7566d7ff6596611a08e58ac12cf2a05f6e3c9c47c50c4c7e12fa2
  languageName: node
  linkType: hard

"mime-db@npm:1.52.0":
  version: 1.52.0
  resolution: "mime-db@npm:1.52.0"
  checksum: 54bb60bf39e6f8689f6622784e668a3d7f8bed6b0d886f5c3c446cb3284be28b30bf707ed05d0fe44a036f8469976b2629bbea182684977b084de9da274694d7
  languageName: node
  linkType: hard

"mime-types@npm:2.1.35":
  version: 2.1.35
  resolution: "mime-types@npm:2.1.35"
  dependencies:
    mime-db: "npm:1.52.0"
  checksum: 89aa9651b67644035de2784a6e665fc685d79aba61857e02b9c8758da874a754aed4a9aced9265f5ed1171fd934331e5516b84a7f0218031b6fa0270eca1e51a
  languageName: node
  linkType: hard

"minimatch@npm:^9.0.3":
  version: 9.0.3
  resolution: "minimatch@npm:9.0.3"
  dependencies:
    brace-expansion: "npm:^2.0.1"
  checksum: c81b47d28153e77521877649f4bab48348d10938df9e8147a58111fe00ef89559a2938de9f6632910c4f7bf7bb5cd81191a546167e58d357f0cfb1e18cecc1c5
  languageName: node
  linkType: hard

"mkdirp@npm:^3.0.1":
  version: 3.0.1
  resolution: "mkdirp@npm:3.0.1"
  bin:
    mkdirp: dist/cjs/src/bin.js
  checksum: 16fd79c28645759505914561e249b9a1f5fe3362279ad95487a4501e4467abeb714fd35b95307326b8fd03f3c7719065ef11a6f97b7285d7888306d1bd2232ba
  languageName: node
  linkType: hard

"path-browserify@npm:^1.0.1":
  version: 1.0.1
  resolution: "path-browserify@npm:1.0.1"
  checksum: 7e7368a5207e7c6b9051ef045711d0dc3c2b6203e96057e408e6e74d09f383061010d2be95cb8593fe6258a767c3e9fc6b2bfc7ce8d48ae8c3d9f6994cca9ad8
  languageName: node
  linkType: hard

"picomatch@npm:^2.3.1":
  version: 2.3.1
  resolution: "picomatch@npm:2.3.1"
  checksum: 60c2595003b05e4535394d1da94850f5372c9427ca4413b71210f437f7b2ca091dbd611c45e8b37d10036fa8eade25c1b8951654f9d3973bfa66a2ff4d3b08bc
  languageName: node
  linkType: hard

"prettier@npm:3.2.5":
  version: 3.2.5
  resolution: "prettier@npm:3.2.5"
  bin:
    prettier: bin/prettier.cjs
  checksum: d509f9da0b70e8cacc561a1911c0d99ec75117faed27b95cc8534cb2349667dee6351b0ca83fa9d5703f14127faa52b798de40f5705f02d843da133fc3aa416a
  languageName: node
  linkType: hard

"prompts@npm:2.4.2":
  version: 2.4.2
  resolution: "prompts@npm:2.4.2"
  dependencies:
    kleur: "npm:^3.0.3"
    sisteransi: "npm:^1.0.5"
  checksum: c52536521a4d21eff4f2f2aa4572446cad227464066365a7167e52ccf8d9839c099f9afec1aba0eed3d5a2514b3e79e0b3e7a1dc326b9acde6b75d27ed74b1a9
  languageName: node
  linkType: hard

"queue-microtask@npm:^1.2.2":
  version: 1.2.3
  resolution: "queue-microtask@npm:1.2.3"
  checksum: 72900df0616e473e824202113c3df6abae59150dfb73ed13273503127235320e9c8ca4aaaaccfd58cf417c6ca92a6e68ee9a5c3182886ae949a768639b388a7b
  languageName: node
  linkType: hard

"reusify@npm:^1.0.4":
  version: 1.0.4
  resolution: "reusify@npm:1.0.4"
  checksum: 14222c9e1d3f9ae01480c50d96057228a8524706db79cdeb5a2ce5bb7070dd9f409a6f84a02cbef8cdc80d39aef86f2dd03d155188a1300c599b05437dcd2ffb
  languageName: node
  linkType: hard

"run-parallel@npm:^1.1.9":
  version: 1.2.0
  resolution: "run-parallel@npm:1.2.0"
  dependencies:
    queue-microtask: "npm:^1.2.2"
  checksum: cb4f97ad25a75ebc11a8ef4e33bb962f8af8516bb2001082ceabd8902e15b98f4b84b4f8a9b222e5d57fc3bd1379c483886ed4619367a7680dad65316993021d
  languageName: node
  linkType: hard

"sisteransi@npm:^1.0.5":
  version: 1.0.5
  resolution: "sisteransi@npm:1.0.5"
  checksum: aba6438f46d2bfcef94cf112c835ab395172c75f67453fe05c340c770d3c402363018ae1ab4172a1026a90c47eaccf3af7b6ff6fa749a680c2929bd7fa2b37a4
  languageName: node
  linkType: hard

"smart-buffer@npm:^4.2.0":
  version: 4.2.0
  resolution: "smart-buffer@npm:4.2.0"
  checksum: 927484aa0b1640fd9473cee3e0a0bcad6fce93fd7bbc18bac9ad0c33686f5d2e2c422fba24b5899c184524af01e11dd2bd051c2bf2b07e47aff8ca72cbfc60d2
  languageName: node
  linkType: hard

"socks@npm:2.8.1":
  version: 2.8.1
  resolution: "socks@npm:2.8.1"
  dependencies:
    ip-address: "npm:^9.0.5"
    smart-buffer: "npm:^4.2.0"
  checksum: a3cc38e0716ab53a2db3fa00c703ca682ad54dbbc9ed4c7461624a999be6fa7cdc79fc904c411618e698d5eff55a55aa6d9329169a7db11636d0200814a2b5aa
  languageName: node
  linkType: hard

"sprintf-js@npm:^1.1.3":
  version: 1.1.3
  resolution: "sprintf-js@npm:1.1.3"
  checksum: e7587128c423f7e43cc625fe2f87e6affdf5ca51c1cc468e910d8aaca46bb44a7fbcfa552f787b1d3987f7043aeb4527d1b99559e6621e01b42b3f45e5a24cbb
  languageName: node
  linkType: hard

"supports-color@npm:^7.1.0":
  version: 7.2.0
  resolution: "supports-color@npm:7.2.0"
  dependencies:
    has-flag: "npm:^4.0.0"
  checksum: c8bb7afd564e3b26b50ca6ee47572c217526a1389fe018d00345856d4a9b08ffbd61fadaf283a87368d94c3dcdb8f5ffe2650a5a65863e21ad2730ca0f05210a
  languageName: node
  linkType: hard

"tgsnake@workspace:.":
  version: 0.0.0-use.local
  resolution: "tgsnake@workspace:."
  dependencies:
    "@tgsnake/core": "npm:1.10.9"
    "@tgsnake/fileid": "npm:2.1.0"
    "@tgsnake/log": "npm:latest"
    "@tgsnake/parser": "npm:2.0.3"
    "@types/node": "npm:20.11.25"
    deno2node: "npm:1.11.0"
    mime-types: "npm:2.1.35"
    prettier: "npm:3.2.5"
    prompts: "npm:2.4.2"
  languageName: unknown
  linkType: soft

"to-regex-range@npm:^5.0.1":
  version: 5.0.1
  resolution: "to-regex-range@npm:5.0.1"
  dependencies:
    is-number: "npm:^7.0.0"
  checksum: 10dda13571e1f5ad37546827e9b6d4252d2e0bc176c24a101252153ef435d83696e2557fe128c4678e4e78f5f01e83711c703eef9814eb12dab028580d45980a
  languageName: node
  linkType: hard

"ts-morph@npm:^21.0.1":
  version: 21.0.1
  resolution: "ts-morph@npm:21.0.1"
  dependencies:
    "@ts-morph/common": "npm:~0.22.0"
    code-block-writer: "npm:^12.0.0"
  checksum: 6e83a696807b44625c7eff01a074ba655c4a53e72a9000fe1fae6deba180549edbf36ebabb48027ed2af9b6d101f23e8d935e1e52a698c476a25153d6f5eed01
  languageName: node
  linkType: hard

"tslib@npm:^2.4.0":
  version: 2.6.0
  resolution: "tslib@npm:2.6.0"
  checksum: 52360693c62761f902e1946b350188be6505de297068b33421cb26bedd99591203a74cb2a49e1f43f0922d59b1fb3499fe5cfe61a61ca65a1743d5c92c69720a
  languageName: node
  linkType: hard

"undici-types@npm:~5.26.4":
  version: 5.26.5
  resolution: "undici-types@npm:5.26.5"
  checksum: 0097779d94bc0fd26f0418b3a05472410408877279141ded2bd449167be1aed7ea5b76f756562cb3586a07f251b90799bab22d9019ceba49c037c76445f7cddd
  languageName: node
  linkType: hard
